
Microsoft Visual Studio Solution File, Format Version 12.00
# Visual Studio Version 17
VisualStudioVersion = 17.7.34031.279
MinimumVisualStudioVersion = 10.0.40219.1
Project("{FAE04EC0-301F-11D3-BF4B-00C04F79EFBC}") = "lab4_1", "lab4_1\lab4_1.csproj", "{A5C0F5C9-0843-4B93-8B2E-EBEC1EC5CA44}"
EndProject
Global
	GlobalSection(SolutionConfigurationPlatforms) = preSolution
		Debug|Any CPU = Debug|Any CPU
		Release|Any CPU = Release|Any CPU
	EndGlobalSection
	GlobalSection(ProjectConfigurationPlatforms) = postSolution
		{A5C0F5C9-0843-4B93-8B2E-EBEC1EC5CA44}.Debug|Any CPU.ActiveCfg = Debug|Any CPU
		{A5C0F5C9-0843-4B93-8B2E-EBEC1EC5CA44}.Debug|Any CPU.Build.0 = Debug|Any CPU
		{A5C0F5C9-0843-4B93-8B2E-EBEC1EC5CA44}.Release|Any CPU.ActiveCfg = Release|Any CPU
		{A5C0F5C9-0843-4B93-8B2E-EBEC1EC5CA44}.Release|Any CPU.Build.0 = Release|Any CPU
	EndGlobalSection
	GlobalSection(SolutionProperties) = preSolution
		HideSolutionNode = FALSE
	EndGlobalSection
	GlobalSection(ExtensibilityGlobals) = postSolution
		SolutionGuid = {846E2E43-D3E4-4699-849E-721F4C3C0D52}
	EndGlobalSection
EndGlobal
